
Microsoft Visual Studio Solution File, Format Version 11.00
# Visual Studio 2010
Project("{FAE04EC0-301F-11D3-BF4B-00C04F79EFBC}") = "Rob Booker Ziv Ghost Pivots", "Rob Booker Ziv Ghost Pivots\Rob Booker Ziv Ghost Pivots.csproj", "{DC17F18D-8363-4C67-93BC-D40DAB8EE7D7}"
EndProject
Global
	GlobalSection(SolutionConfigurationPlatforms) = preSolution
		Debug|Any CPU = Debug|Any CPU
		Release|Any CPU = Release|Any CPU
	EndGlobalSection
	GlobalSection(ProjectConfigurationPlatforms) = postSolution
		{DC17F18D-8363-4C67-93BC-D40DAB8EE7D7}.Debug|Any CPU.ActiveCfg = Debug|Any CPU
		{DC17F18D-8363-4C67-93BC-D40DAB8EE7D7}.Debug|Any CPU.Build.0 = Debug|Any CPU
		{DC17F18D-8363-4C67-93BC-D40DAB8EE7D7}.Release|Any CPU.ActiveCfg = Release|Any CPU
		{DC17F18D-8363-4C67-93BC-D40DAB8EE7D7}.Release|Any CPU.Build.0 = Release|Any CPU
	EndGlobalSection
	GlobalSection(SolutionProperties) = preSolution
		HideSolutionNode = FALSE
	EndGlobalSection
EndGlobal
